
Microsoft Visual Studio Solution File, Format Version 12.00
# Visual Studio Version 16
VisualStudioVersion = 16.0.31321.278
MinimumVisualStudioVersion = 10.0.40219.1
Project("{9A19103F-16F7-4668-BE54-9A1E7A4F7556}") = "BookAPI", "Book.API\BookAPI.csproj", "{B21A6761-6476-48C1-9CB2-D032DFD49758}"
EndProject
Project("{9A19103F-16F7-4668-BE54-9A1E7A4F7556}") = "BookCovers.API", "BookCovers.API\BookCovers.API.csproj", "{A8106E13-5303-4C2A-9FE4-33E469D71D39}"
EndProject
Global
	GlobalSection(SolutionConfigurationPlatforms) = preSolution
		Debug|Any CPU = Debug|Any CPU
		Release|Any CPU = Release|Any CPU
	EndGlobalSection
	GlobalSection(ProjectConfigurationPlatforms) = postSolution
		{B21A6761-6476-48C1-9CB2-D032DFD49758}.Debug|Any CPU.ActiveCfg = Debug|Any CPU
		{B21A6761-6476-48C1-9CB2-D032DFD49758}.Debug|Any CPU.Build.0 = Debug|Any CPU
		{B21A6761-6476-48C1-9CB2-D032DFD49758}.Release|Any CPU.ActiveCfg = Release|Any CPU
		{B21A6761-6476-48C1-9CB2-D032DFD49758}.Release|Any CPU.Build.0 = Release|Any CPU
		{A8106E13-5303-4C2A-9FE4-33E469D71D39}.Debug|Any CPU.ActiveCfg = Debug|Any CPU
		{A8106E13-5303-4C2A-9FE4-33E469D71D39}.Debug|Any CPU.Build.0 = Debug|Any CPU
		{A8106E13-5303-4C2A-9FE4-33E469D71D39}.Release|Any CPU.ActiveCfg = Release|Any CPU
		{A8106E13-5303-4C2A-9FE4-33E469D71D39}.Release|Any CPU.Build.0 = Release|Any CPU
	EndGlobalSection
	GlobalSection(SolutionProperties) = preSolution
		HideSolutionNode = FALSE
	EndGlobalSection
	GlobalSection(ExtensibilityGlobals) = postSolution
		SolutionGuid = {00DA70B6-A360-4D45-BE39-4AAF94B6E5B4}
	EndGlobalSection
EndGlobal
